<?xml version="1.0" encoding="utf-8"?>
<Project ToolsVersion="4.0" xmlns="http://schemas.microsoft.com/developer/msbuild/2003">
  <ItemGroup>
    <Filter Include="源文件">
      <UniqueIdentifier>{4FC737F1-C7A5-4376-A066-2A32D752A2FF}</UniqueIdentifier>
      <Extensions>cpp;c;cc;cxx;c++;cppm;ixx;def;odl;idl;hpj;bat;asm;asmx</Extensions>
    </Filter>
    <Filter Include="头文件">
      <UniqueIdentifier>{93995380-89BD-4b04-88EB-625FBE52EBFB}</UniqueIdentifier>
      <Extensions>h;hh;hpp;hxx;h++;hm;inl;inc;ipp;xsd</Extensions>
    </Filter>
    <Filter Include="资源文件">
      <UniqueIdentifier>{67DA6AB6-F800-4c08-8B7A-83BB121AAD01}</UniqueIdentifier>
      <Extensions>rc;ico;cur;bmp;dlg;rc2;rct;bin;rgs;gif;jpg;jpeg;jpe;resx;tiff;tif;png;wav;mfcribbon-ms</Extensions>
    </Filter>
  </ItemGroup>
  <ItemGroup>
    <ClInclude Include="behaviac\agent\agent.h">
      <Filter>头文件</Filter>
    </ClInclude>
    <ClInclude Include="behaviac\agent\agentstate.h">
      <Filter>头文件</Filter>
    </ClInclude>
    <ClInclude Include="behaviac\agent\context.h">
      <Filter>头文件</Filter>
    </ClInclude>
    <ClInclude Include="behaviac\agent\registermacros.h">
      <Filter>头文件</Filter>
    </ClInclude>
    <ClInclude Include="behaviac\agent\state.h">
      <Filter>头文件</Filter>
    </ClInclude>
    <ClInclude Include="behaviac\behaviac.h">
      <Filter>头文件</Filter>
    </ClInclude>
    <ClInclude Include="behaviac\behaviortree\attachments\attachaction.h">
      <Filter>头文件</Filter>
    </ClInclude>
    <ClInclude Include="behaviac\behaviortree\attachments\effector.h">
      <Filter>头文件</Filter>
    </ClInclude>
    <ClInclude Include="behaviac\behaviortree\attachments\event.h">
      <Filter>头文件</Filter>
    </ClInclude>
    <ClInclude Include="behaviac\behaviortree\attachments\precondition.h">
      <Filter>头文件</Filter>
    </ClInclude>
    <ClInclude Include="behaviac\behaviortree\behaviortree.h">
      <Filter>头文件</Filter>
    </ClInclude>
    <ClInclude Include="behaviac\behaviortree\behaviortree_task.h">
      <Filter>头文件</Filter>
    </ClInclude>
    <ClInclude Include="behaviac\behaviortree\generator.h">
      <Filter>头文件</Filter>
    </ClInclude>
    <ClInclude Include="behaviac\behaviortree\nodes\actions\action.h">
      <Filter>头文件</Filter>
    </ClInclude>
    <ClInclude Include="behaviac\behaviortree\nodes\actions\assignment.h">
      <Filter>头文件</Filter>
    </ClInclude>
    <ClInclude Include="behaviac\behaviortree\nodes\actions\compute.h">
      <Filter>头文件</Filter>
    </ClInclude>
    <ClInclude Include="behaviac\behaviortree\nodes\actions\end.h">
      <Filter>头文件</Filter>
    </ClInclude>
    <ClInclude Include="behaviac\behaviortree\nodes\actions\noop.h">
      <Filter>头文件</Filter>
    </ClInclude>
    <ClInclude Include="behaviac\behaviortree\nodes\actions\wait.h">
      <Filter>头文件</Filter>
    </ClInclude>
    <ClInclude Include="behaviac\behaviortree\nodes\actions\waitforsignal.h">
      <Filter>头文件</Filter>
    </ClInclude>
    <ClInclude Include="behaviac\behaviortree\nodes\actions\waitframes.h">
      <Filter>头文件</Filter>
    </ClInclude>
    <ClInclude Include="behaviac\behaviortree\nodes\composites\compositestochastic.h">
      <Filter>头文件</Filter>
    </ClInclude>
    <ClInclude Include="behaviac\behaviortree\nodes\composites\ifelse.h">
      <Filter>头文件</Filter>
    </ClInclude>
    <ClInclude Include="behaviac\behaviortree\nodes\composites\parallel.h">
      <Filter>头文件</Filter>
    </ClInclude>
    <ClInclude Include="behaviac\behaviortree\nodes\composites\referencebehavior.h">
      <Filter>头文件</Filter>
    </ClInclude>
    <ClInclude Include="behaviac\behaviortree\nodes\composites\selector.h">
      <Filter>头文件</Filter>
    </ClInclude>
    <ClInclude Include="behaviac\behaviortree\nodes\composites\selectorloop.h">
      <Filter>头文件</Filter>
    </ClInclude>
    <ClInclude Include="behaviac\behaviortree\nodes\composites\selectorprobability.h">
      <Filter>头文件</Filter>
    </ClInclude>
    <ClInclude Include="behaviac\behaviortree\nodes\composites\selectorstochastic.h">
      <Filter>头文件</Filter>
    </ClInclude>
    <ClInclude Include="behaviac\behaviortree\nodes\composites\sequence.h">
      <Filter>头文件</Filter>
    </ClInclude>
    <ClInclude Include="behaviac\behaviortree\nodes\composites\sequencestochastic.h">
      <Filter>头文件</Filter>
    </ClInclude>
    <ClInclude Include="behaviac\behaviortree\nodes\composites\withprecondition.h">
      <Filter>头文件</Filter>
    </ClInclude>
    <ClInclude Include="behaviac\behaviortree\nodes\conditions\and.h">
      <Filter>头文件</Filter>
    </ClInclude>
    <ClInclude Include="behaviac\behaviortree\nodes\conditions\condition.h">
      <Filter>头文件</Filter>
    </ClInclude>
    <ClInclude Include="behaviac\behaviortree\nodes\conditions\conditionbase.h">
      <Filter>头文件</Filter>
    </ClInclude>
    <ClInclude Include="behaviac\behaviortree\nodes\conditions\false.h">
      <Filter>头文件</Filter>
    </ClInclude>
    <ClInclude Include="behaviac\behaviortree\nodes\conditions\or.h">
      <Filter>头文件</Filter>
    </ClInclude>
    <ClInclude Include="behaviac\behaviortree\nodes\conditions\true.h">
      <Filter>头文件</Filter>
    </ClInclude>
    <ClInclude Include="behaviac\behaviortree\nodes\decorators\decoratoralwaysfailure.h">
      <Filter>头文件</Filter>
    </ClInclude>
    <ClInclude Include="behaviac\behaviortree\nodes\decorators\decoratoralwaysrunning.h">
      <Filter>头文件</Filter>
    </ClInclude>
    <ClInclude Include="behaviac\behaviortree\nodes\decorators\decoratoralwayssuccess.h">
      <Filter>头文件</Filter>
    </ClInclude>
    <ClInclude Include="behaviac\behaviortree\nodes\decorators\decoratorcount.h">
      <Filter>头文件</Filter>
    </ClInclude>
    <ClInclude Include="behaviac\behaviortree\nodes\decorators\decoratorcountlimit.h">
      <Filter>头文件</Filter>
    </ClInclude>
    <ClInclude Include="behaviac\behaviortree\nodes\decorators\decoratorfailureuntil.h">
      <Filter>头文件</Filter>
    </ClInclude>
    <ClInclude Include="behaviac\behaviortree\nodes\decorators\decoratorframes.h">
      <Filter>头文件</Filter>
    </ClInclude>
    <ClInclude Include="behaviac\behaviortree\nodes\decorators\decoratoriterator.h">
      <Filter>头文件</Filter>
    </ClInclude>
    <ClInclude Include="behaviac\behaviortree\nodes\decorators\decoratorlog.h">
      <Filter>头文件</Filter>
    </ClInclude>
    <ClInclude Include="behaviac\behaviortree\nodes\decorators\decoratorloop.h">
      <Filter>头文件</Filter>
    </ClInclude>
    <ClInclude Include="behaviac\behaviortree\nodes\decorators\decoratorloopuntil.h">
      <Filter>头文件</Filter>
    </ClInclude>
    <ClInclude Include="behaviac\behaviortree\nodes\decorators\decoratornot.h">
      <Filter>头文件</Filter>
    </ClInclude>
    <ClInclude Include="behaviac\behaviortree\nodes\decorators\decoratorrepeat.h">
      <Filter>头文件</Filter>
    </ClInclude>
    <ClInclude Include="behaviac\behaviortree\nodes\decorators\decoratorsuccessuntil.h">
      <Filter>头文件</Filter>
    </ClInclude>
    <ClInclude Include="behaviac\behaviortree\nodes\decorators\decoratortime.h">
      <Filter>头文件</Filter>
    </ClInclude>
    <ClInclude Include="behaviac\behaviortree\nodes\decorators\decoratorweight.h">
      <Filter>头文件</Filter>
    </ClInclude>
    <ClInclude Include="behaviac\behaviortree\propertymember.h">
      <Filter>头文件</Filter>
    </ClInclude>
    <ClInclude Include="behaviac\common\assert.h">
      <Filter>头文件</Filter>
    </ClInclude>
    <ClInclude Include="behaviac\common\base.h">
      <Filter>头文件</Filter>
    </ClInclude>
    <ClInclude Include="behaviac\common\basictypes.h">
      <Filter>头文件</Filter>
    </ClInclude>
    <ClInclude Include="behaviac\common\config.h">
      <Filter>头文件</Filter>
    </ClInclude>
    <ClInclude Include="behaviac\common\container\fixed_buffer.h">
      <Filter>头文件</Filter>
    </ClInclude>
    <ClInclude Include="behaviac\common\container\fixed_hash.h">
      <Filter>头文件</Filter>
    </ClInclude>
    <ClInclude Include="behaviac\common\container\hash_exmemory.h">
      <Filter>头文件</Filter>
    </ClInclude>
    <ClInclude Include="behaviac\common\container\list.h">
      <Filter>头文件</Filter>
    </ClInclude>
    <ClInclude Include="behaviac\common\container\map.h">
      <Filter>头文件</Filter>
    </ClInclude>
    <ClInclude Include="behaviac\common\container\set.h">
      <Filter>头文件</Filter>
    </ClInclude>
    <ClInclude Include="behaviac\common\container\spscqueue.h">
      <Filter>头文件</Filter>
    </ClInclude>
    <ClInclude Include="behaviac\common\container\string.h">
      <Filter>头文件</Filter>
    </ClInclude>
    <ClInclude Include="behaviac\common\container\vector.h">
      <Filter>头文件</Filter>
    </ClInclude>
    <ClInclude Include="behaviac\common\convertutf.h">
      <Filter>头文件</Filter>
    </ClInclude>
    <ClInclude Include="behaviac\common\crc.h">
      <Filter>头文件</Filter>
    </ClInclude>
    <ClInclude Include="behaviac\common\defines.h">
      <Filter>头文件</Filter>
    </ClInclude>
    <ClInclude Include="behaviac\common\factory.h">
      <Filter>头文件</Filter>
    </ClInclude>
    <ClInclude Include="behaviac\common\file\file.h">
      <Filter>头文件</Filter>
    </ClInclude>
    <ClInclude Include="behaviac\common\file\filemanager.h">
      <Filter>头文件</Filter>
    </ClInclude>
    <ClInclude Include="behaviac\common\file\filesystem.h">
      <Filter>头文件</Filter>
    </ClInclude>
    <ClInclude Include="behaviac\common\logger\logger.h">
      <Filter>头文件</Filter>
    </ClInclude>
    <ClInclude Include="behaviac\common\logger\logmanager.h">
      <Filter>头文件</Filter>
    </ClInclude>
    <ClInclude Include="behaviac\common\member.h">
      <Filter>头文件</Filter>
    </ClInclude>
    <ClInclude Include="behaviac\common\memory\memory.h">
      <Filter>头文件</Filter>
    </ClInclude>
    <ClInclude Include="behaviac\common\memory\objectpool.h">
      <Filter>头文件</Filter>
    </ClInclude>
    <ClInclude Include="behaviac\common\memory\stl_allocator.h">
      <Filter>头文件</Filter>
    </ClInclude>
    <ClInclude Include="behaviac\common\meta\hasfunction.h">
      <Filter>头文件</Filter>
    </ClInclude>
    <ClInclude Include="behaviac\common\meta\ifthenelse.h">
      <Filter>头文件</Filter>
    </ClInclude>
    <ClInclude Include="behaviac\common\meta\isenum.h">
      <Filter>头文件</Filter>
    </ClInclude>
    <ClInclude Include="behaviac\common\meta\isfunction.h">
      <Filter>头文件</Filter>
    </ClInclude>
    <ClInclude Include="behaviac\common\meta\isfundamental.h">
      <Filter>头文件</Filter>
    </ClInclude>
    <ClInclude Include="behaviac\common\meta\ismap.h">
      <Filter>头文件</Filter>
    </ClInclude>
    <ClInclude Include="behaviac\common\meta\isstruct.h">
      <Filter>头文件</Filter>
    </ClInclude>
    <ClInclude Include="behaviac\common\meta\isvector.h">
      <Filter>头文件</Filter>
    </ClInclude>
    <ClInclude Include="behaviac\common\meta\meta.h">
      <Filter>头文件</Filter>
    </ClInclude>
    <ClInclude Include="behaviac\common\meta\metabase.h">
      <Filter>头文件</Filter>
    </ClInclude>
    <ClInclude Include="behaviac\common\meta\metatypes.h">
      <Filter>头文件</Filter>
    </ClInclude>
    <ClInclude Include="behaviac\common\meta\pointertype.h">
      <Filter>头文件</Filter>
    </ClInclude>
    <ClInclude Include="behaviac\common\meta\reftype.h">
      <Filter>头文件</Filter>
    </ClInclude>
    <ClInclude Include="behaviac\common\meta\removeall.h">
      <Filter>头文件</Filter>
    </ClInclude>
    <ClInclude Include="behaviac\common\meta\removeconst.h">
      <Filter>头文件</Filter>
    </ClInclude>
    <ClInclude Include="behaviac\common\meta\removeptr.h">
      <Filter>头文件</Filter>
    </ClInclude>
    <ClInclude Include="behaviac\common\meta\removeref.h">
      <Filter>头文件</Filter>
    </ClInclude>
    <ClInclude Include="behaviac\common\meta.h">
      <Filter>头文件</Filter>
    </ClInclude>
    <ClInclude Include="behaviac\common\msc_stdint.h">
      <Filter>头文件</Filter>
    </ClInclude>
    <ClInclude Include="behaviac\common\object\member.h">
      <Filter>头文件</Filter>
    </ClInclude>
    <ClInclude Include="behaviac\common\object\tagobject.h">
      <Filter>头文件</Filter>
    </ClInclude>
    <ClInclude Include="behaviac\common\operation.h">
      <Filter>头文件</Filter>
    </ClInclude>
    <ClInclude Include="behaviac\common\profiler\profiler.h">
      <Filter>头文件</Filter>
    </ClInclude>
    <ClInclude Include="behaviac\common\randomgenerator\randomgenerator.h">
      <Filter>头文件</Filter>
    </ClInclude>
    <ClInclude Include="behaviac\common\rapidxml\rapidxml.hpp">
      <Filter>头文件</Filter>
    </ClInclude>
    <ClInclude Include="behaviac\common\rapidxml\rapidxml_iterators.hpp">
      <Filter>头文件</Filter>
    </ClInclude>
    <ClInclude Include="behaviac\common\rapidxml\rapidxml_print.hpp">
      <Filter>头文件</Filter>
    </ClInclude>
    <ClInclude Include="behaviac\common\rapidxml\rapidxml_utils.hpp">
      <Filter>头文件</Filter>
    </ClInclude>
    <ClInclude Include="behaviac\common\rttibase.h">
      <Filter>头文件</Filter>
    </ClInclude>
    <ClInclude Include="behaviac\common\serialization\ionode.h">
      <Filter>头文件</Filter>
    </ClInclude>
    <ClInclude Include="behaviac\common\serialization\textnode.h">
      <Filter>头文件</Filter>
    </ClInclude>
    <ClInclude Include="behaviac\common\smartptr.h">
      <Filter>头文件</Filter>
    </ClInclude>
    <ClInclude Include="behaviac\common\socket\socketconnect.h">
      <Filter>头文件</Filter>
    </ClInclude>
    <ClInclude Include="behaviac\common\socket\socketconnect_base.h">
      <Filter>头文件</Filter>
    </ClInclude>
    <ClInclude Include="behaviac\common\staticassert.h">
      <Filter>头文件</Filter>
    </ClInclude>
    <ClInclude Include="behaviac\common\string\fromstring.h">
      <Filter>头文件</Filter>
    </ClInclude>
    <ClInclude Include="behaviac\common\string\stringcrc.h">
      <Filter>头文件</Filter>
    </ClInclude>
    <ClInclude Include="behaviac\common\string\stringutils.h">
      <Filter>头文件</Filter>
    </ClInclude>
    <ClInclude Include="behaviac\common\string\tostring.h">
      <Filter>头文件</Filter>
    </ClInclude>
    <ClInclude Include="behaviac\common\swapbyte.h">
      <Filter>头文件</Filter>
    </ClInclude>
    <ClInclude Include="behaviac\common\thread\mutex_lock.h">
      <Filter>头文件</Filter>
    </ClInclude>
    <ClInclude Include="behaviac\common\thread\thread.h">
      <Filter>头文件</Filter>
    </ClInclude>
    <ClInclude Include="behaviac\common\thread\wrapper.h">
      <Filter>头文件</Filter>
    </ClInclude>
    <ClInclude Include="behaviac\common\workspace.h">
      <Filter>头文件</Filter>
    </ClInclude>
    <ClInclude Include="behaviac\common\xml\ixml.h">
      <Filter>头文件</Filter>
    </ClInclude>
    <ClInclude Include="behaviac\common\xml\xml.h">
      <Filter>头文件</Filter>
    </ClInclude>
    <ClInclude Include="behaviac\common\xml\xmlanalyzer.h">
      <Filter>头文件</Filter>
    </ClInclude>
    <ClInclude Include="behaviac\common\_config.h">
      <Filter>头文件</Filter>
    </ClInclude>
    <ClInclude Include="behaviac\fsm\alwaystransition.h">
      <Filter>头文件</Filter>
    </ClInclude>
    <ClInclude Include="behaviac\fsm\fsm.h">
      <Filter>头文件</Filter>
    </ClInclude>
    <ClInclude Include="behaviac\fsm\startcondition.h">
      <Filter>头文件</Filter>
    </ClInclude>
    <ClInclude Include="behaviac\fsm\state.h">
      <Filter>头文件</Filter>
    </ClInclude>
    <ClInclude Include="behaviac\fsm\transitioncondition.h">
      <Filter>头文件</Filter>
    </ClInclude>
    <ClInclude Include="behaviac\fsm\waitframesstate.h">
      <Filter>头文件</Filter>
    </ClInclude>
    <ClInclude Include="behaviac\fsm\waitstate.h">
      <Filter>头文件</Filter>
    </ClInclude>
    <ClInclude Include="behaviac\fsm\waittransition.h">
      <Filter>头文件</Filter>
    </ClInclude>
    <ClInclude Include="behaviac\htn\method.h">
      <Filter>头文件</Filter>
    </ClInclude>
    <ClInclude Include="behaviac\htn\planner.h">
      <Filter>头文件</Filter>
    </ClInclude>
    <ClInclude Include="behaviac\htn\plannertask.h">
      <Filter>头文件</Filter>
    </ClInclude>
    <ClInclude Include="behaviac\htn\task.h">
      <Filter>头文件</Filter>
    </ClInclude>
    <ClInclude Include="behaviac\network\network.h">
      <Filter>头文件</Filter>
    </ClInclude>
    <ClInclude Include="behaviac\property\properties.h">
      <Filter>头文件</Filter>
    </ClInclude>
    <ClInclude Include="behaviac\property\property.h">
      <Filter>头文件</Filter>
    </ClInclude>
    <ClInclude Include="behaviac\property\vector_ext.h">
      <Filter>头文件</Filter>
    </ClInclude>
    <ClInclude Include="src\agent\propertynode.h">
      <Filter>源文件</Filter>
    </ClInclude>
    <ClInclude Include="src\common\file\listfiles.h">
      <Filter>源文件</Filter>
    </ClInclude>
    <ClInclude Include="src\behaviac_generated\types\behaviac_types.h">
      <Filter>头文件</Filter>
    </ClInclude>
    <ClInclude Include="src\behaviac_generated\types\internal\behaviac_agent_headers.h">
      <Filter>头文件</Filter>
    </ClInclude>
    <ClInclude Include="src\behaviac_generated\types\internal\behaviac_agent_member_visitor.h">
      <Filter>头文件</Filter>
    </ClInclude>
    <ClInclude Include="src\behaviac_generated\types\internal\behaviac_agent_meta.h">
      <Filter>头文件</Filter>
    </ClInclude>
    <ClInclude Include="src\behaviac_generated\types\internal\behaviac_headers.h">
      <Filter>头文件</Filter>
    </ClInclude>
    <ClInclude Include="src\behaviac_generated\types\internal\Monster.h">
      <Filter>头文件</Filter>
    </ClInclude>
  </ItemGroup>
  <ItemGroup>
    <None Include="behaviac\agent\agent.inl">
      <Filter>头文件</Filter>
    </None>
    <None Include="behaviac\agent\context.inl">
      <Filter>头文件</Filter>
    </None>
    <None Include="behaviac\property\operators.inl">
      <Filter>头文件</Filter>
    </None>
  </ItemGroup>
  <ItemGroup>
    <ClCompile Include="src\agent\agent.cpp">
      <Filter>源文件</Filter>
    </ClCompile>
    <ClCompile Include="src\agent\context.cpp">
      <Filter>源文件</Filter>
    </ClCompile>
    <ClCompile Include="src\agent\namedevent.cpp">
      <Filter>源文件</Filter>
    </ClCompile>
    <ClCompile Include="src\agent\propertynode.cpp">
      <Filter>源文件</Filter>
    </ClCompile>
    <ClCompile Include="src\agent\state_t.cpp">
      <Filter>源文件</Filter>
    </ClCompile>
    <ClCompile Include="src\agent\taskmethod.cpp">
      <Filter>源文件</Filter>
    </ClCompile>
    <ClCompile Include="src\behaviortree\attachments\attachaction.cpp">
      <Filter>源文件</Filter>
    </ClCompile>
    <ClCompile Include="src\behaviortree\attachments\Effector.cpp">
      <Filter>源文件</Filter>
    </ClCompile>
    <ClCompile Include="src\behaviortree\attachments\event.cpp">
      <Filter>源文件</Filter>
    </ClCompile>
    <ClCompile Include="src\behaviortree\attachments\Precondition.cpp">
      <Filter>源文件</Filter>
    </ClCompile>
    <ClCompile Include="src\behaviortree\behaviortree.cpp">
      <Filter>源文件</Filter>
    </ClCompile>
    <ClCompile Include="src\behaviortree\behaviortree_task.cpp">
      <Filter>源文件</Filter>
    </ClCompile>
    <ClCompile Include="src\behaviortree\nodes\actions\action.cpp">
      <Filter>源文件</Filter>
    </ClCompile>
    <ClCompile Include="src\behaviortree\nodes\actions\assignment.cpp">
      <Filter>源文件</Filter>
    </ClCompile>
    <ClCompile Include="src\behaviortree\nodes\actions\compute.cpp">
      <Filter>源文件</Filter>
    </ClCompile>
    <ClCompile Include="src\behaviortree\nodes\actions\end.cpp">
      <Filter>源文件</Filter>
    </ClCompile>
    <ClCompile Include="src\behaviortree\nodes\actions\noop.cpp">
      <Filter>源文件</Filter>
    </ClCompile>
    <ClCompile Include="src\behaviortree\nodes\actions\wait.cpp">
      <Filter>源文件</Filter>
    </ClCompile>
    <ClCompile Include="src\behaviortree\nodes\actions\waitforsignal.cpp">
      <Filter>源文件</Filter>
    </ClCompile>
    <ClCompile Include="src\behaviortree\nodes\actions\waitframes.cpp">
      <Filter>源文件</Filter>
    </ClCompile>
    <ClCompile Include="src\behaviortree\nodes\composites\compositestochastic.cpp">
      <Filter>源文件</Filter>
    </ClCompile>
    <ClCompile Include="src\behaviortree\nodes\composites\ifelse.cpp">
      <Filter>源文件</Filter>
    </ClCompile>
    <ClCompile Include="src\behaviortree\nodes\composites\parallel.cpp">
      <Filter>源文件</Filter>
    </ClCompile>
    <ClCompile Include="src\behaviortree\nodes\composites\referencebehavior.cpp">
      <Filter>源文件</Filter>
    </ClCompile>
    <ClCompile Include="src\behaviortree\nodes\composites\selector.cpp">
      <Filter>源文件</Filter>
    </ClCompile>
    <ClCompile Include="src\behaviortree\nodes\composites\selectorloop.cpp">
      <Filter>源文件</Filter>
    </ClCompile>
    <ClCompile Include="src\behaviortree\nodes\composites\selectorprobability.cpp">
      <Filter>源文件</Filter>
    </ClCompile>
    <ClCompile Include="src\behaviortree\nodes\composites\selectorstochastic.cpp">
      <Filter>源文件</Filter>
    </ClCompile>
    <ClCompile Include="src\behaviortree\nodes\composites\sequence.cpp">
      <Filter>源文件</Filter>
    </ClCompile>
    <ClCompile Include="src\behaviortree\nodes\composites\sequencestochastic.cpp">
      <Filter>源文件</Filter>
    </ClCompile>
    <ClCompile Include="src\behaviortree\nodes\composites\withprecondition.cpp">
      <Filter>源文件</Filter>
    </ClCompile>
    <ClCompile Include="src\behaviortree\nodes\conditions\and.cpp">
      <Filter>源文件</Filter>
    </ClCompile>
    <ClCompile Include="src\behaviortree\nodes\conditions\condition.cpp">
      <Filter>源文件</Filter>
    </ClCompile>
    <ClCompile Include="src\behaviortree\nodes\conditions\conditionbase.cpp">
      <Filter>源文件</Filter>
    </ClCompile>
    <ClCompile Include="src\behaviortree\nodes\conditions\false.cpp">
      <Filter>源文件</Filter>
    </ClCompile>
    <ClCompile Include="src\behaviortree\nodes\conditions\or.cpp">
      <Filter>源文件</Filter>
    </ClCompile>
    <ClCompile Include="src\behaviortree\nodes\conditions\true.cpp">
      <Filter>源文件</Filter>
    </ClCompile>
    <ClCompile Include="src\behaviortree\nodes\decorators\decoratoralwaysfailure.cpp">
      <Filter>源文件</Filter>
    </ClCompile>
    <ClCompile Include="src\behaviortree\nodes\decorators\decoratoralwaysrunning.cpp">
      <Filter>源文件</Filter>
    </ClCompile>
    <ClCompile Include="src\behaviortree\nodes\decorators\decoratoralwayssuccess.cpp">
      <Filter>源文件</Filter>
    </ClCompile>
    <ClCompile Include="src\behaviortree\nodes\decorators\decoratorcount.cpp">
      <Filter>源文件</Filter>
    </ClCompile>
    <ClCompile Include="src\behaviortree\nodes\decorators\decoratorcountlimit.cpp">
      <Filter>源文件</Filter>
    </ClCompile>
    <ClCompile Include="src\behaviortree\nodes\decorators\decoratorfailureuntil.cpp">
      <Filter>源文件</Filter>
    </ClCompile>
    <ClCompile Include="src\behaviortree\nodes\decorators\decoratorframes.cpp">
      <Filter>源文件</Filter>
    </ClCompile>
    <ClCompile Include="src\behaviortree\nodes\decorators\decoratoriterator.cpp">
      <Filter>源文件</Filter>
    </ClCompile>
    <ClCompile Include="src\behaviortree\nodes\decorators\decoratorlog.cpp">
      <Filter>源文件</Filter>
    </ClCompile>
    <ClCompile Include="src\behaviortree\nodes\decorators\decoratorloop.cpp">
      <Filter>源文件</Filter>
    </ClCompile>
    <ClCompile Include="src\behaviortree\nodes\decorators\decoratorloopuntil.cpp">
      <Filter>源文件</Filter>
    </ClCompile>
    <ClCompile Include="src\behaviortree\nodes\decorators\decoratornot.cpp">
      <Filter>源文件</Filter>
    </ClCompile>
    <ClCompile Include="src\behaviortree\nodes\decorators\decoratorrepeat.cpp">
      <Filter>源文件</Filter>
    </ClCompile>
    <ClCompile Include="src\behaviortree\nodes\decorators\decoratorsuccessuntil.cpp">
      <Filter>源文件</Filter>
    </ClCompile>
    <ClCompile Include="src\behaviortree\nodes\decorators\decoratortime.cpp">
      <Filter>源文件</Filter>
    </ClCompile>
    <ClCompile Include="src\behaviortree\nodes\decorators\decoratorweight.cpp">
      <Filter>源文件</Filter>
    </ClCompile>
    <ClCompile Include="src\behaviortree\registernodes.cpp">
      <Filter>源文件</Filter>
    </ClCompile>
    <ClCompile Include="src\common\assert.cpp">
      <Filter>源文件</Filter>
    </ClCompile>
    <ClCompile Include="src\common\base.cpp">
      <Filter>源文件</Filter>
    </ClCompile>
    <ClCompile Include="src\common\convertutf.cpp">
      <Filter>源文件</Filter>
    </ClCompile>
    <ClCompile Include="src\common\crc.cpp">
      <Filter>源文件</Filter>
    </ClCompile>
    <ClCompile Include="src\common\factory.cpp">
      <Filter>源文件</Filter>
    </ClCompile>
    <ClCompile Include="src\common\file\file.cpp">
      <Filter>源文件</Filter>
    </ClCompile>
    <ClCompile Include="src\common\file\filemanager.cpp">
      <Filter>源文件</Filter>
    </ClCompile>
    <ClCompile Include="src\common\file\filesystem_gcc.cpp">
      <Filter>源文件</Filter>
    </ClCompile>
    <ClCompile Include="src\common\file\filesystem_vcc.cpp">
      <Filter>源文件</Filter>
    </ClCompile>
    <ClCompile Include="src\common\file\listfiles.cpp">
      <Filter>源文件</Filter>
    </ClCompile>
    <ClCompile Include="src\common\logger\logger.cpp">
      <Filter>源文件</Filter>
    </ClCompile>
    <ClCompile Include="src\common\logger\logmanager.cpp">
      <Filter>源文件</Filter>
    </ClCompile>
    <ClCompile Include="src\common\memory\memory.cpp">
      <Filter>源文件</Filter>
    </ClCompile>
    <ClCompile Include="src\common\meta.cpp">
      <Filter>源文件</Filter>
    </ClCompile>
    <ClCompile Include="src\common\object\tagobject.cpp">
      <Filter>源文件</Filter>
    </ClCompile>
    <ClCompile Include="src\common\operation.cpp">
      <Filter>源文件</Filter>
    </ClCompile>
    <ClCompile Include="src\common\profiler\profiler.cpp">
      <Filter>源文件</Filter>
    </ClCompile>
    <ClCompile Include="src\common\randomgenerator\randomgenerator.cpp">
      <Filter>源文件</Filter>
    </ClCompile>
    <ClCompile Include="src\common\rttibase.cpp">
      <Filter>源文件</Filter>
    </ClCompile>
    <ClCompile Include="src\common\serialization\textnode.cpp">
      <Filter>源文件</Filter>
    </ClCompile>
    <ClCompile Include="src\common\socket\defaultsocketwrapper_gcc.cpp">
      <Filter>源文件</Filter>
    </ClCompile>
    <ClCompile Include="src\common\socket\defaultsocketwrapper_vcc.cpp">
      <Filter>源文件</Filter>
    </ClCompile>
    <ClCompile Include="src\common\socket\socketconnect.cpp">
      <Filter>源文件</Filter>
    </ClCompile>
    <ClCompile Include="src\common\socket\socketconnect_base.cpp">
      <Filter>源文件</Filter>
    </ClCompile>
    <ClCompile Include="src\common\string\stringcrc.cpp">
      <Filter>源文件</Filter>
    </ClCompile>
    <ClCompile Include="src\common\string\stringutils.cpp">
      <Filter>源文件</Filter>
    </ClCompile>
    <ClCompile Include="src\common\system_gcc.cpp">
      <Filter>源文件</Filter>
    </ClCompile>
    <ClCompile Include="src\common\system_vcc.cpp">
      <Filter>源文件</Filter>
    </ClCompile>
    <ClCompile Include="src\common\thread\mutex_gcc.cpp">
      <Filter>源文件</Filter>
    </ClCompile>
    <ClCompile Include="src\common\thread\mutex_vcc.cpp">
      <Filter>源文件</Filter>
    </ClCompile>
    <ClCompile Include="src\common\thread\wrapper.cpp">
      <Filter>源文件</Filter>
    </ClCompile>
    <ClCompile Include="src\common\thread\wrapper_gcc.cpp">
      <Filter>源文件</Filter>
    </ClCompile>
    <ClCompile Include="src\common\thread\wrapper_vcc.cpp">
      <Filter>源文件</Filter>
    </ClCompile>
    <ClCompile Include="src\common\workspace.cpp">
      <Filter>源文件</Filter>
    </ClCompile>
    <ClCompile Include="src\common\xml\xml.cpp">
      <Filter>源文件</Filter>
    </ClCompile>
    <ClCompile Include="src\common\xml\xmlanalyzer.cpp">
      <Filter>源文件</Filter>
    </ClCompile>
    <ClCompile Include="src\fsm\alwaystransition.cpp">
      <Filter>源文件</Filter>
    </ClCompile>
    <ClCompile Include="src\fsm\fsm.cpp">
      <Filter>源文件</Filter>
    </ClCompile>
    <ClCompile Include="src\fsm\fsmstate.cpp">
      <Filter>源文件</Filter>
    </ClCompile>
    <ClCompile Include="src\fsm\startcondition.cpp">
      <Filter>源文件</Filter>
    </ClCompile>
    <ClCompile Include="src\fsm\transitioncondition.cpp">
      <Filter>源文件</Filter>
    </ClCompile>
    <ClCompile Include="src\fsm\waitframesstate.cpp">
      <Filter>源文件</Filter>
    </ClCompile>
    <ClCompile Include="src\fsm\waitstate.cpp">
      <Filter>源文件</Filter>
    </ClCompile>
    <ClCompile Include="src\fsm\waittransition.cpp">
      <Filter>源文件</Filter>
    </ClCompile>
    <ClCompile Include="src\htn\agentproperties.cpp">
      <Filter>源文件</Filter>
    </ClCompile>
    <ClCompile Include="src\htn\agentstate.cpp">
      <Filter>源文件</Filter>
    </ClCompile>
    <ClCompile Include="src\htn\htnmethod.cpp">
      <Filter>源文件</Filter>
    </ClCompile>
    <ClCompile Include="src\htn\planner.cpp">
      <Filter>源文件</Filter>
    </ClCompile>
    <ClCompile Include="src\htn\plannertask.cpp">
      <Filter>源文件</Filter>
    </ClCompile>
    <ClCompile Include="src\htn\task.cpp">
      <Filter>源文件</Filter>
    </ClCompile>
    <ClCompile Include="src\network\network.cpp">
      <Filter>源文件</Filter>
    </ClCompile>
    <ClCompile Include="src\property\properties.cpp">
      <Filter>源文件</Filter>
    </ClCompile>
    <ClCompile Include="src\property\property.cpp">
      <Filter>源文件</Filter>
    </ClCompile>
    <ClCompile Include="src\behaviac_generated\types\internal\behaviac_agent_meta.cpp">
      <Filter>源文件</Filter>
    </ClCompile>
    <ClCompile Include="src\behaviac_generated\types\internal\Monster.cpp">
      <Filter>源文件</Filter>
    </ClCompile>
  </ItemGroup>
</Project>